{
  "name": "example",
  "version": "1.0.0",
  "lockfileVersion": 1,
  "requires": true,
  "dependencies": {
    "jsonrpc-codegen": {
      "version": "file:..",
      "requires": {
        "ajv": "^6.9.1",
        "chokidar": "^2.1.6",
        "fast-glob": "^2.2.7",
        "fs-extra": "^7.0.1",
        "json-schema-to-typescript": "^7.0.0",
        "log4js": "^4.3.1",
        "source-map-support": "^0.5.9"
      }
    }
  }
}
